
Microsoft Visual Studio Solution File, Format Version 12.00
# Visual Studio Version 17
VisualStudioVersion = 17.5.33516.290
MinimumVisualStudioVersion = 10.0.40219.1
Project("{FAE04EC0-301F-11D3-BF4B-00C04F79EFBC}") = "P2_Test_2023", "P2_Test_2023\P2_Test_2023.csproj", "{115F3476-A477-4F50-803C-EAFA208B4DF8}"
EndProject
Global
	GlobalSection(SolutionConfigurationPlatforms) = preSolution
		Debug|Any CPU = Debug|Any CPU
		Release|Any CPU = Release|Any CPU
	EndGlobalSection
	GlobalSection(ProjectConfigurationPlatforms) = postSolution
		{115F3476-A477-4F50-803C-EAFA208B4DF8}.Debug|Any CPU.ActiveCfg = Debug|Any CPU
		{115F3476-A477-4F50-803C-EAFA208B4DF8}.Debug|Any CPU.Build.0 = Debug|Any CPU
		{115F3476-A477-4F50-803C-EAFA208B4DF8}.Release|Any CPU.ActiveCfg = Release|Any CPU
		{115F3476-A477-4F50-803C-EAFA208B4DF8}.Release|Any CPU.Build.0 = Release|Any CPU
	EndGlobalSection
	GlobalSection(SolutionProperties) = preSolution
		HideSolutionNode = FALSE
	EndGlobalSection
	GlobalSection(ExtensibilityGlobals) = postSolution
		SolutionGuid = {82EF1392-C505-4D06-8CA8-B3D5AB81ABF3}
	EndGlobalSection
EndGlobal
